// !$*UTF8*$!
{
	archiveVersion = 1;
	classes = {
	};
	objectVersion = 55;
	objects = {

/* Begin PBXBuildFile section */
		68CCCED027B79582005E073E /* AppDelegate.swift in Sources */ = {isa = PBXBuildFile; fileRef = 68CCCECF27B79582005E073E /* AppDelegate.swift */; };
		68CCCED227B79582005E073E /* DocumentBrowserViewController.swift in Sources */ = {isa = PBXBuildFile; fileRef = 68CCCED127B79582005E073E /* DocumentBrowserViewController.swift */; };
		68CCCED427B79582005E073E /* DocumentViewController.swift in Sources */ = {isa = PBXBuildFile; fileRef = 68CCCED327B79582005E073E /* DocumentViewController.swift */; };
		68CCCED627B79582005E073E /* Document.swift in Sources */ = {isa = PBXBuildFile; fileRef = 68CCCED527B79582005E073E /* Document.swift */; };
		68CCCED927B79582005E073E /* Main.storyboard in Resources */ = {isa = PBXBuildFile; fileRef = 68CCCED727B79582005E073E /* Main.storyboard */; };
		68CCCEDB27B79583005E073E /* Assets.xcassets in Resources */ = {isa = PBXBuildFile; fileRef = 68CCCEDA27B79583005E073E /* Assets.xcassets */; };
		68CCCEDE27B79583005E073E /* LaunchScreen.storyboard in Resources */ = {isa = PBXBuildFile; fileRef = 68CCCEDC27B79583005E073E /* LaunchScreen.storyboard */; };
		68CCCEE927B79583005E073E /* GasaOKTests.swift in Sources */ = {isa = PBXBuildFile; fileRef = 68CCCEE827B79583005E073E /* GasaOKTests.swift */; };
		68CCCEF327B79583005E073E /* GasaOKUITests.swift in Sources */ = {isa = PBXBuildFile; fileRef = 68CCCEF227B79583005E073E /* GasaOKUITests.swift */; };
		68CCCEF527B79583005E073E /* GasaOKUITestsLaunchTests.swift in Sources */ = {isa = PBXBuildFile; fileRef = 68CCCEF427B79583005E073E /* GasaOKUITestsLaunchTests.swift */; };
/* End PBXBuildFile section */

/* Begin PBXContainerItemProxy section */
		68CCCEE527B79583005E073E /* PBXContainerItemProxy */ = {
			isa = PBXContainerItemProxy;
			containerPortal = 68CCCEC427B79582005E073E /* Project object */;
			proxyType = 1;
			remoteGlobalIDString = 68CCCECB27B79582005E073E;
			remoteInfo = GasaOK;
		};
		68CCCEEF27B79583005E073E /* PBXContainerItemProxy */ = {
			isa = PBXContainerItemProxy;
			containerPortal = 68CCCEC427B79582005E073E /* Project object */;
			proxyType = 1;
			remoteGlobalIDString = 68CCCECB27B79582005E073E;
			remoteInfo = GasaOK;
		};
/* End PBXContainerItemProxy section */

/* Begin PBXFileReference section */
		68CCCECC27B79582005E073E /* GasaOK.app */ = {isa = PBXFileReference; explicitFileType = wrapper.application; includeInIndex = 0; path = GasaOK.app; sourceTree = BUILT_PRODUCTS_DIR; };
		68CCCECF27B79582005E073E /* AppDelegate.swift */ = {isa = PBXFileReference; lastKnownFileType = sourcecode.swift; path = AppDelegate.swift; sourceTree = "<group>"; };
		68CCCED127B79582005E073E /* DocumentBrowserViewController.swift */ = {isa = PBXFileReference; lastKnownFileType = sourcecode.swift; path = DocumentBrowserViewController.swift; sourceTree = "<group>"; };
		68CCCED327B79582005E073E /* DocumentViewController.swift */ = {isa = PBXFileReference; lastKnownFileType = sourcecode.swift; path = DocumentViewController.swift; sourceTree = "<group>"; };
		68CCCED527B79582005E073E /* Document.swift */ = {isa = PBXFileReference; lastKnownFileType = sourcecode.swift; path = Document.swift; sourceTree = "<group>"; };
		68CCCED827B79582005E073E /* Base */ = {isa = PBXFileReference; lastKnownFileType = file.storyboard; name = Base; path = Base.lproj/Main.storyboard; sourceTree = "<group>"; };
		68CCCEDA27B79583005E073E /* Assets.xcassets */ = {isa = PBXFileReference; lastKnownFileType = folder.assetcatalog; path = Assets.xcassets; sourceTree = "<group>"; };
		68CCCEDD27B79583005E073E /* Base */ = {isa = PBXFileReference; lastKnownFileType = file.storyboard; name = Base; path = Base.lproj/LaunchScreen.storyboard; sourceTree = "<group>"; };
		68CCCEDF27B79583005E073E /* Info.plist */ = {isa = PBXFileReference; lastKnownFileType = text.plist.xml; path = Info.plist; sourceTree = "<group>"; };
		68CCCEE427B79583005E073E /* GasaOKTests.xctest */ = {isa = PBXFileReference; explicitFileType = wrapper.cfbundle; includeInIndex = 0; path = GasaOKTests.xctest; sourceTree = BUILT_PRODUCTS_DIR; };
		68CCCEE827B79583005E073E /* GasaOKTests.swift */ = {isa = PBXFileReference; lastKnownFileType = sourcecode.swift; path = GasaOKTests.swift; sourceTree = "<group>"; };
		68CCCEEE27B79583005E073E /* GasaOKUITests.xctest */ = {isa = PBXFileReference; explicitFileType = wrapper.cfbundle; includeInIndex = 0; path = GasaOKUITests.xctest; sourceTree = BUILT_PRODUCTS_DIR; };
		68CCCEF227B79583005E073E /* GasaOKUITests.swift */ = {isa = PBXFileReference; lastKnownFileType = sourcecode.swift; path = GasaOKUITests.swift; sourceTree = "<group>"; };
		68CCCEF427B79583005E073E /* GasaOKUITestsLaunchTests.swift */ = {isa = PBXFileReference; lastKnownFileType = sourcecode.swift; path = GasaOKUITestsLaunchTests.swift; sourceTree = "<group>"; };
/* End PBXFileReference section */

/* Begin PBXFrameworksBuildPhase section */
		68CCCEC927B79582005E073E /* Frameworks */ = {
			isa = PBXFrameworksBuildPhase;
			buildActionMask = 2147483647;
			files = (
			);
			runOnlyForDeploymentPostprocessing = 0;
		};
		68CCCEE127B79583005E073E /* Frameworks */ = {
			isa = PBXFrameworksBuildPhase;
			buildActionMask = 2147483647;
			files = (
			);
			runOnlyForDeploymentPostprocessing = 0;
		};
		68CCCEEB27B79583005E073E /* Frameworks */ = {
			isa = PBXFrameworksBuildPhase;
			buildActionMask = 2147483647;
			files = (
			);
			runOnlyForDeploymentPostprocessing = 0;
		};
/* End PBXFrameworksBuildPhase section */

/* Begin PBXGroup section */
		68CCCEC327B79582005E073E = {
			isa = PBXGroup;
			children = (
				68CCCECE27B79582005E073E /* GasaOK */,
				68CCCEE727B79583005E073E /* GasaOKTests */,
				68CCCEF127B79583005E073E /* GasaOKUITests */,
				68CCCECD27B79582005E073E /* Products */,
			);
			sourceTree = "<group>";
		};
		68CCCECD27B79582005E073E /* Products */ = {
			isa = PBXGroup;
			children = (
				68CCCECC27B79582005E073E /* GasaOK.app */,
				68CCCEE427B79583005E073E /* GasaOKTests.xctest */,
				68CCCEEE27B79583005E073E /* GasaOKUITests.xctest */,
			);
			name = Products;
			sourceTree = "<group>";
		};
		68CCCECE27B79582005E073E /* GasaOK */ = {
			isa = PBXGroup;
			children = (
				68CCCECF27B79582005E073E /* AppDelegate.swift */,
				68CCCED127B79582005E073E /* DocumentBrowserViewController.swift */,
				68CCCED327B79582005E073E /* DocumentViewController.swift */,
				68CCCED527B79582005E073E /* Document.swift */,
				68CCCED727B79582005E073E /* Main.storyboard */,
				68CCCEDA27B79583005E073E /* Assets.xcassets */,
				68CCCEDC27B79583005E073E /* LaunchScreen.storyboard */,
				68CCCEDF27B79583005E073E /* Info.plist */,
			);
			path = GasaOK;
			sourceTree = "<group>";
		};
		68CCCEE727B79583005E073E /* GasaOKTests */ = {
			isa = PBXGroup;
			children = (
				68CCCEE827B79583005E073E /* GasaOKTests.swift */,
			);
			path = GasaOKTests;
			sourceTree = "<group>";
		};
		68CCCEF127B79583005E073E /* GasaOKUITests */ = {
			isa = PBXGroup;
			children = (
				68CCCEF227B79583005E073E /* GasaOKUITests.swift */,
				68CCCEF427B79583005E073E /* GasaOKUITestsLaunchTests.swift */,
			);
			path = GasaOKUITests;
			sourceTree = "<group>";
		};
/* End PBXGroup section */

/* Begin PBXNativeTarget section */
		68CCCECB27B79582005E073E /* GasaOK */ = {
			isa = PBXNativeTarget;
			buildConfigurationList = 68CCCEF827B79583005E073E /* Build configuration list for PBXNativeTarget "GasaOK" */;
			buildPhases = (
				68CCCEC827B79582005E073E /* Sources */,
				68CCCEC927B79582005E073E /* Frameworks */,
				68CCCECA27B79582005E073E /* Resources */,
			);
			buildRules = (
			);
			dependencies = (
			);
			name = GasaOK;
			productName = GasaOK;
			productReference = 68CCCECC27B79582005E073E /* GasaOK.app */;
			productType = "com.apple.product-type.application";
		};
		68CCCEE327B79583005E073E /* GasaOKTests */ = {
			isa = PBXNativeTarget;
			buildConfigurationList = 68CCCEFB27B79583005E073E /* Build configuration list for PBXNativeTarget "GasaOKTests" */;
			buildPhases = (
				68CCCEE027B79583005E073E /* Sources */,
				68CCCEE127B79583005E073E /* Frameworks */,
				68CCCEE227B79583005E073E /* Resources */,
			);
			buildRules = (
			);
			dependencies = (
				68CCCEE627B79583005E073E /* PBXTargetDependency */,
			);
			name = GasaOKTests;
			productName = GasaOKTests;
			productReference = 68CCCEE427B79583005E073E /* GasaOKTests.xctest */;
			productType = "com.apple.product-type.bundle.unit-test";
		};
		68CCCEED27B79583005E073E /* GasaOKUITests */ = {
			isa = PBXNativeTarget;
			buildConfigurationList = 68CCCEFE27B79583005E073E /* Build configuration list for PBXNativeTarget "GasaOKUITests" */;
			buildPhases = (
				68CCCEEA27B79583005E073E /* Sources */,
				68CCCEEB27B79583005E073E /* Frameworks */,
				68CCCEEC27B79583005E073E /* Resources */,
			);
			buildRules = (
			);
			dependencies = (
				68CCCEF027B79583005E073E /* PBXTargetDependency */,
			);
			name = GasaOKUITests;
			productName = GasaOKUITests;
			productReference = 68CCCEEE27B79583005E073E /* GasaOKUITests.xctest */;
			productType = "com.apple.product-type.bundle.ui-testing";
		};
/* End PBXNativeTarget section */

/* Begin PBXProject section */
		68CCCEC427B79582005E073E /* Project object */ = {
			isa = PBXProject;
			attributes = {
				BuildIndependentTargetsInParallel = 1;
				LastSwiftUpdateCheck = 1320;
				LastUpgradeCheck = 1320;
				TargetAttributes = {
					68CCCECB27B79582005E073E = {
						CreatedOnToolsVersion = 13.2.1;
					};
					68CCCEE327B79583005E073E = {
						CreatedOnToolsVersion = 13.2.1;
						TestTargetID = 68CCCECB27B79582005E073E;
					};
					68CCCEED27B79583005E073E = {
						CreatedOnToolsVersion = 13.2.1;
						TestTargetID = 68CCCECB27B79582005E073E;
					};
				};
			};
			buildConfigurationList = 68CCCEC727B79582005E073E /* Build configuration list for PBXProject "GasaOK" */;
			compatibilityVersion = "Xcode 13.0";
			developmentRegion = en;
			hasScannedForEncodings = 0;
			knownRegions = (
				en,
				Base,
			);
			mainGroup = 68CCCEC327B79582005E073E;
			productRefGroup = 68CCCECD27B79582005E073E /* Products */;
			projectDirPath = "";
			projectRoot = "";
			targets = (
				68CCCECB27B79582005E073E /* GasaOK */,
				68CCCEE327B79583005E073E /* GasaOKTests */,
				68CCCEED27B79583005E073E /* GasaOKUITests */,
			);
		};
/* End PBXProject section */

/* Begin PBXResourcesBuildPhase section */
		68CCCECA27B79582005E073E /* Resources */ = {
			isa = PBXResourcesBuildPhase;
			buildActionMask = 2147483647;
			files = (
				68CCCEDE27B79583005E073E /* LaunchScreen.storyboard in Resources */,
				68CCCEDB27B79583005E073E /* Assets.xcassets in Resources */,
				68CCCED927B79582005E073E /* Main.storyboard in Resources */,
			);
			runOnlyForDeploymentPostprocessing = 0;
		};
		68CCCEE227B79583005E073E /* Resources */ = {
			isa = PBXResourcesBuildPhase;
			buildActionMask = 2147483647;
			files = (
			);
			runOnlyForDeploymentPostprocessing = 0;
		};
		68CCCEEC27B79583005E073E /* Resources */ = {
			isa = PBXResourcesBuildPhase;
			buildActionMask = 2147483647;
			files = (
			);
			runOnlyForDeploymentPostprocessing = 0;
		};
/* End PBXResourcesBuildPhase section */

/* Begin PBXSourcesBuildPhase section */
		68CCCEC827B79582005E073E /* Sources */ = {
			isa = PBXSourcesBuildPhase;
			buildActionMask = 2147483647;
			files = (
				68CCCED627B79582005E073E /* Document.swift in Sources */,
				68CCCED427B79582005E073E /* DocumentViewController.swift in Sources */,
				68CCCED227B79582005E073E /* DocumentBrowserViewController.swift in Sources */,
				68CCCED027B79582005E073E /* AppDelegate.swift in Sources */,
			);
			runOnlyForDeploymentPostprocessing = 0;
		};
		68CCCEE027B79583005E073E /* Sources */ = {
			isa = PBXSourcesBuildPhase;
			buildActionMask = 2147483647;
			files = (
				68CCCEE927B79583005E073E /* GasaOKTests.swift in Sources */,
			);
			runOnlyForDeploymentPostprocessing = 0;
		};
		68CCCEEA27B79583005E073E /* Sources */ = {
			isa = PBXSourcesBuildPhase;
			buildActionMask = 2147483647;
			files = (
				68CCCEF527B79583005E073E /* GasaOKUITestsLaunchTests.swift in Sources */,
				68CCCEF327B79583005E073E /* GasaOKUITests.swift in Sources */,
			);
			runOnlyForDeploymentPostprocessing = 0;
		};
/* End PBXSourcesBuildPhase section */

/* Begin PBXTargetDependency section */
		68CCCEE627B79583005E073E /* PBXTargetDependency */ = {
			isa = PBXTargetDependency;
			target = 68CCCECB27B79582005E073E /* GasaOK */;
			targetProxy = 68CCCEE527B79583005E073E /* PBXContainerItemProxy */;
		};
		68CCCEF027B79583005E073E /* PBXTargetDependency */ = {
			isa = PBXTargetDependency;
			target = 68CCCECB27B79582005E073E /* GasaOK */;
			targetProxy = 68CCCEEF27B79583005E073E /* PBXContainerItemProxy */;
		};
/* End PBXTargetDependency section */

/* Begin PBXVariantGroup section */
		68CCCED727B79582005E073E /* Main.storyboard */ = {
			isa = PBXVariantGroup;
			children = (
				68CCCED827B79582005E073E /* Base */,
			);
			name = Main.storyboard;
			sourceTree = "<group>";
		};
		68CCCEDC27B79583005E073E /* LaunchScreen.storyboard */ = {
			isa = PBXVariantGroup;
			children = (
				68CCCEDD27B79583005E073E /* Base */,
			);
			name = LaunchScreen.storyboard;
			sourceTree = "<group>";
		};
/* End PBXVariantGroup section */

/* Begin XCBuildConfiguration section */
		68CCCEF627B79583005E073E /* Debug */ = {
			isa = XCBuildConfiguration;
			buildSettings = {
				ALWAYS_SEARCH_USER_PATHS = NO;
				CLANG_ANALYZER_NONNULL = YES;
				CLANG_ANALYZER_NUMBER_OBJECT_CONVERSION = YES_AGGRESSIVE;
				CLANG_CXX_LANGUAGE_STANDARD = "gnu++17";
				CLANG_CXX_LIBRARY = "libc++";
				CLANG_ENABLE_MODULES = YES;
				CLANG_ENABLE_OBJC_ARC = YES;
				CLANG_ENABLE_OBJC_WEAK = YES;
				CLANG_WARN_BLOCK_CAPTURE_AUTORELEASING = YES;
				CLANG_WARN_BOOL_CONVERSION = YES;
				CLANG_WARN_COMMA = YES;
				CLANG_WARN_CONSTANT_CONVERSION = YES;
				CLANG_WARN_DEPRECATED_OBJC_IMPLEMENTATIONS = YES;
				CLANG_WARN_DIRECT_OBJC_ISA_USAGE = YES_ERROR;
				CLANG_WARN_DOCUMENTATION_COMMENTS = YES;
				CLANG_WARN_EMPTY_BODY = YES;
				CLANG_WARN_ENUM_CONVERSION = YES;
				CLANG_WARN_INFINITE_RECURSION = YES;
				CLANG_WARN_INT_CONVERSION = YES;
				CLANG_WARN_NON_LITERAL_NULL_CONVERSION = YES;
				CLANG_WARN_OBJC_IMPLICIT_RETAIN_SELF = YES;
				CLANG_WARN_OBJC_LITERAL_CONVERSION = YES;
				CLANG_WARN_OBJC_ROOT_CLASS = YES_ERROR;
				CLANG_WARN_QUOTED_INCLUDE_IN_FRAMEWORK_HEADER = YES;
				CLANG_WARN_RANGE_LOOP_ANALYSIS = YES;
				CLANG_WARN_STRICT_PROTOTYPES = YES;
				CLANG_WARN_SUSPICIOUS_MOVE = YES;
				CLANG_WARN_UNGUARDED_AVAILABILITY = YES_AGGRESSIVE;
				CLANG_WARN_UNREACHABLE_CODE = YES;
				CLANG_WARN__DUPLICATE_METHOD_MATCH = YES;
				COPY_PHASE_STRIP = NO;
				DEBUG_INFORMATION_FORMAT = dwarf;
				ENABLE_STRICT_OBJC_MSGSEND = YES;
				ENABLE_TESTABILITY = YES;
				GCC_C_LANGUAGE_STANDARD = gnu11;
				GCC_DYNAMIC_NO_PIC = NO;
				GCC_NO_COMMON_BLOCKS = YES;
				GCC_OPTIMIZATION_LEVEL = 0;
				GCC_PREPROCESSOR_DEFINITIONS = (
					"DEBUG=1",
					"$(inherited)",
				);
				GCC_WARN_64_TO_32_BIT_CONVERSION = YES;
				GCC_WARN_ABOUT_RETURN_TYPE = YES_ERROR;
				GCC_WARN_UNDECLARED_SELECTOR = YES;
				GCC_WARN_UNINITIALIZED_AUTOS = YES_AGGRESSIVE;
				GCC_WARN_UNUSED_FUNCTION = YES;
				GCC_WARN_UNUSED_VARIABLE = YES;
				IPHONEOS_DEPLOYMENT_TARGET = 15.2;
				MTL_ENABLE_DEBUG_INFO = INCLUDE_SOURCE;
				MTL_FAST_MATH = YES;
				ONLY_ACTIVE_ARCH = YES;
				SDKROOT = iphoneos;
				SWIFT_ACTIVE_COMPILATION_CONDITIONS = DEBUG;
				SWIFT_OPTIMIZATION_LEVEL = "-Onone";
			};
			name = Debug;
		};
		68CCCEF727B79583005E073E /* Release */ = {
			isa = XCBuildConfiguration;
			buildSettings = {
				ALWAYS_SEARCH_USER_PATHS = NO;
				CLANG_ANALYZER_NONNULL = YES;
				CLANG_ANALYZER_NUMBER_OBJECT_CONVERSION = YES_AGGRESSIVE;
				CLANG_CXX_LANGUAGE_STANDARD = "gnu++17";
				CLANG_CXX_LIBRARY = "libc++";
				CLANG_ENABLE_MODULES = YES;
				CLANG_ENABLE_OBJC_ARC = YES;
				CLANG_ENABLE_OBJC_WEAK = YES;
				CLANG_WARN_BLOCK_CAPTURE_AUTORELEASING = YES;
				CLANG_WARN_BOOL_CONVERSION = YES;
				CLANG_WARN_COMMA = YES;
				CLANG_WARN_CONSTANT_CONVERSION = YES;
				CLANG_WARN_DEPRECATED_OBJC_IMPLEMENTATIONS = YES;
				CLANG_WARN_DIRECT_OBJC_ISA_USAGE = YES_ERROR;
				CLANG_WARN_DOCUMENTATION_COMMENTS = YES;
				CLANG_WARN_EMPTY_BODY = YES;
				CLANG_WARN_ENUM_CONVERSION = YES;
				CLANG_WARN_INFINITE_RECURSION = YES;
				CLANG_WARN_INT_CONVERSION = YES;
				CLANG_WARN_NON_LITERAL_NULL_CONVERSION = YES;
				CLANG_WARN_OBJC_IMPLICIT_RETAIN_SELF = YES;
				CLANG_WARN_OBJC_LITERAL_CONVERSION = YES;
				CLANG_WARN_OBJC_ROOT_CLASS = YES_ERROR;
				CLANG_WARN_QUOTED_INCLUDE_IN_FRAMEWORK_HEADER = YES;
				CLANG_WARN_RANGE_LOOP_ANALYSIS = YES;
				CLANG_WARN_STRICT_PROTOTYPES = YES;
				CLANG_WARN_SUSPICIOUS_MOVE = YES;
				CLANG_WARN_UNGUARDED_AVAILABILITY = YES_AGGRESSIVE;
				CLANG_WARN_UNREACHABLE_CODE = YES;
				CLANG_WARN__DUPLICATE_METHOD_MATCH = YES;
				COPY_PHASE_STRIP = NO;
				DEBUG_INFORMATION_FORMAT = "dwarf-with-dsym";
				ENABLE_NS_ASSERTIONS = NO;
				ENABLE_STRICT_OBJC_MSGSEND = YES;
				GCC_C_LANGUAGE_STANDARD = gnu11;
				GCC_NO_COMMON_BLOCKS = YES;
				GCC_WARN_64_TO_32_BIT_CONVERSION = YES;
				GCC_WARN_ABOUT_RETURN_TYPE = YES_ERROR;
				GCC_WARN_UNDECLARED_SELECTOR = YES;
				GCC_WARN_UNINITIALIZED_AUTOS = YES_AGGRESSIVE;
				GCC_WARN_UNUSED_FUNCTION = YES;
				GCC_WARN_UNUSED_VARIABLE = YES;
				IPHONEOS_DEPLOYMENT_TARGET = 15.2;
				MTL_ENABLE_DEBUG_INFO = NO;
				MTL_FAST_MATH = YES;
				SDKROOT = iphoneos;
				SWIFT_COMPILATION_MODE = wholemodule;
				SWIFT_OPTIMIZATION_LEVEL = "-O";
				VALIDATE_PRODUCT = YES;
			};
			name = Release;
		};
		68CCCEF927B79583005E073E /* Debug */ = {
			isa = XCBuildConfiguration;
			buildSettings = {
				ASSETCATALOG_COMPILER_APPICON_NAME = AppIcon;
				ASSETCATALOG_COMPILER_GLOBAL_ACCENT_COLOR_NAME = AccentColor;
				CODE_SIGN_STYLE = Automatic;
				CURRENT_PROJECT_VERSION = 1;
				DEVELOPMENT_TEAM = 9T9YFXL798;
				GENERATE_INFOPLIST_FILE = YES;
				INFOPLIST_FILE = GasaOK/Info.plist;
				INFOPLIST_KEY_UIApplicationSupportsIndirectInputEvents = YES;
				INFOPLIST_KEY_UILaunchStoryboardName = LaunchScreen;
				INFOPLIST_KEY_UIMainStoryboardFile = Main;
				INFOPLIST_KEY_UISupportedInterfaceOrientations_iPad = "UIInterfaceOrientationPortrait UIInterfaceOrientationPortraitUpsideDown UIInterfaceOrientationLandscapeLeft UIInterfaceOrientationLandscapeRight";
				INFOPLIST_KEY_UISupportedInterfaceOrientations_iPhone = "UIInterfaceOrientationPortrait UIInterfaceOrientationLandscapeLeft UIInterfaceOrientationLandscapeRight";
				INFOPLIST_KEY_UISupportsDocumentBrowser = YES;
				LD_RUNPATH_SEARCH_PATHS = (
					"$(inherited)",
					"@executable_path/Frameworks",
				);
				MARKETING_VERSION = 1.0;
				PRODUCT_BUNDLE_IDENTIFIER = Dahae.GasaOK;
				PRODUCT_NAME = "$(TARGET_NAME)";
				SWIFT_EMIT_LOC_STRINGS = YES;
				SWIFT_VERSION = 5.0;
				TARGETED_DEVICE_FAMILY = "1,2";
			};
			name = Debug;
		};
		68CCCEFA27B79583005E073E /* Release */ = {
			isa = XCBuildConfiguration;
			buildSettings = {
				ASSETCATALOG_COMPILER_APPICON_NAME = AppIcon;
				ASSETCATALOG_COMPILER_GLOBAL_ACCENT_COLOR_NAME = AccentColor;
				CODE_SIGN_STYLE = Automatic;
				CURRENT_PROJECT_VERSION = 1;
				DEVELOPMENT_TEAM = 9T9YFXL798;
				GENERATE_INFOPLIST_FILE = YES;
				INFOPLIST_FILE = GasaOK/Info.plist;
				INFOPLIST_KEY_UIApplicationSupportsIndirectInputEvents = YES;
				INFOPLIST_KEY_UILaunchStoryboardName = LaunchScreen;
				INFOPLIST_KEY_UIMainStoryboardFile = Main;
				INFOPLIST_KEY_UISupportedInterfaceOrientations_iPad = "UIInterfaceOrientationPortrait UIInterfaceOrientationPortraitUpsideDown UIInterfaceOrientationLandscapeLeft UIInterfaceOrientationLandscapeRight";
				INFOPLIST_KEY_UISupportedInterfaceOrientations_iPhone = "UIInterfaceOrientationPortrait UIInterfaceOrientationLandscapeLeft UIInterfaceOrientationLandscapeRight";
				INFOPLIST_KEY_UISupportsDocumentBrowser = YES;
				LD_RUNPATH_SEARCH_PATHS = (
					"$(inherited)",
					"@executable_path/Frameworks",
				);
				MARKETING_VERSION = 1.0;
				PRODUCT_BUNDLE_IDENTIFIER = Dahae.GasaOK;
				PRODUCT_NAME = "$(TARGET_NAME)";
				SWIFT_EMIT_LOC_STRINGS = YES;
				SWIFT_VERSION = 5.0;
				TARGETED_DEVICE_FAMILY = "1,2";
			};
			name = Release;
		};
		68CCCEFC27B79583005E073E /* Debug */ = {
			isa = XCBuildConfiguration;
			buildSettings = {
				ALWAYS_EMBED_SWIFT_STANDARD_LIBRARIES = YES;
				BUNDLE_LOADER = "$(TEST_HOST)";
				CODE_SIGN_STYLE = Automatic;
				CURRENT_PROJECT_VERSION = 1;
				DEVELOPMENT_TEAM = 9T9YFXL798;
				GENERATE_INFOPLIST_FILE = YES;
				IPHONEOS_DEPLOYMENT_TARGET = 15.2;
				MARKETING_VERSION = 1.0;
				PRODUCT_BUNDLE_IDENTIFIER = Dahae.GasaOKTests;
				PRODUCT_NAME = "$(TARGET_NAME)";
				SWIFT_EMIT_LOC_STRINGS = NO;
				SWIFT_VERSION = 5.0;
				TARGETED_DEVICE_FAMILY = "1,2";
				TEST_HOST = "$(BUILT_PRODUCTS_DIR)/GasaOK.app/GasaOK";
			};
			name = Debug;
		};
		68CCCEFD27B79583005E073E /* Release */ = {
			isa = XCBuildConfiguration;
			buildSettings = {
				ALWAYS_EMBED_SWIFT_STANDARD_LIBRARIES = YES;
				BUNDLE_LOADER = "$(TEST_HOST)";
				CODE_SIGN_STYLE = Automatic;
				CURRENT_PROJECT_VERSION = 1;
				DEVELOPMENT_TEAM = 9T9YFXL798;
				GENERATE_INFOPLIST_FILE = YES;
				IPHONEOS_DEPLOYMENT_TARGET = 15.2;
				MARKETING_VERSION = 1.0;
				PRODUCT_BUNDLE_IDENTIFIER = Dahae.GasaOKTests;
				PRODUCT_NAME = "$(TARGET_NAME)";
				SWIFT_EMIT_LOC_STRINGS = NO;
				SWIFT_VERSION = 5.0;
				TARGETED_DEVICE_FAMILY = "1,2";
				TEST_HOST = "$(BUILT_PRODUCTS_DIR)/GasaOK.app/GasaOK";
			};
			name = Release;
		};
		68CCCEFF27B79583005E073E /* Debug */ = {
			isa = XCBuildConfiguration;
			buildSettings = {
				ALWAYS_EMBED_SWIFT_STANDARD_LIBRARIES = YES;
				CODE_SIGN_STYLE = Automatic;
				CURRENT_PROJECT_VERSION = 1;
				DEVELOPMENT_TEAM = 9T9YFXL798;
				GENERATE_INFOPLIST_FILE = YES;
				MARKETING_VERSION = 1.0;
				PRODUCT_BUNDLE_IDENTIFIER = Dahae.GasaOKUITests;
				PRODUCT_NAME = "$(TARGET_NAME)";
				SWIFT_EMIT_LOC_STRINGS = NO;
				SWIFT_VERSION = 5.0;
				TARGETED_DEVICE_FAMILY = "1,2";
				TEST_TARGET_NAME = GasaOK;
			};
			name = Debug;
		};
		68CCCF0027B79583005E073E /* Release */ = {
			isa = XCBuildConfiguration;
			buildSettings = {
				ALWAYS_EMBED_SWIFT_STANDARD_LIBRARIES = YES;
				CODE_SIGN_STYLE = Automatic;
				CURRENT_PROJECT_VERSION = 1;
				DEVELOPMENT_TEAM = 9T9YFXL798;
				GENERATE_INFOPLIST_FILE = YES;
				MARKETING_VERSION = 1.0;
				PRODUCT_BUNDLE_IDENTIFIER = Dahae.GasaOKUITests;
				PRODUCT_NAME = "$(TARGET_NAME)";
				SWIFT_EMIT_LOC_STRINGS = NO;
				SWIFT_VERSION = 5.0;
				TARGETED_DEVICE_FAMILY = "1,2";
				TEST_TARGET_NAME = GasaOK;
			};
			name = Release;
		};
/* End XCBuildConfiguration section */

/* Begin XCConfigurationList section */
		68CCCEC727B79582005E073E /* Build configuration list for PBXProject "GasaOK" */ = {
			isa = XCConfigurationList;
			buildConfigurations = (
				68CCCEF627B79583005E073E /* Debug */,
				68CCCEF727B79583005E073E /* Release */,
			);
			defaultConfigurationIsVisible = 0;
			defaultConfigurationName = Release;
		};
		68CCCEF827B79583005E073E /* Build configuration list for PBXNativeTarget "GasaOK" */ = {
			isa = XCConfigurationList;
			buildConfigurations = (
				68CCCEF927B79583005E073E /* Debug */,
				68CCCEFA27B79583005E073E /* Release */,
			);
			defaultConfigurationIsVisible = 0;
			defaultConfigurationName = Release;
		};
		68CCCEFB27B79583005E073E /* Build configuration list for PBXNativeTarget "GasaOKTests" */ = {
			isa = XCConfigurationList;
			buildConfigurations = (
				68CCCEFC27B79583005E073E /* Debug */,
				68CCCEFD27B79583005E073E /* Release */,
			);
			defaultConfigurationIsVisible = 0;
			defaultConfigurationName = Release;
		};
		68CCCEFE27B79583005E073E /* Build configuration list for PBXNativeTarget "GasaOKUITests" */ = {
			isa = XCConfigurationList;
			buildConfigurations = (
				68CCCEFF27B79583005E073E /* Debug */,
				68CCCF0027B79583005E073E /* Release */,
			);
			defaultConfigurationIsVisible = 0;
			defaultConfigurationName = Release;
		};
/* End XCConfigurationList section */
	};
	rootObject = 68CCCEC427B79582005E073E /* Project object */;
}
