// !$*UTF8*$!
{
	archiveVersion = 1;
	classes = {
	};
	objectVersion = 55;
	objects = {

/* Begin PBXBuildFile section */
		6802ABBF27BB85BD00BC6243 /* SearchVC.swift in Sources */ = {isa = PBXBuildFile; fileRef = 6802ABBE27BB85BD00BC6243 /* SearchVC.swift */; };
		6802ABC427BBC2C200BC6243 /* SongInfo.swift in Sources */ = {isa = PBXBuildFile; fileRef = 6802ABC327BBC2C200BC6243 /* SongInfo.swift */; };
		6802ABC627BBCEE500BC6243 /* SearchTableViewCell.swift in Sources */ = {isa = PBXBuildFile; fileRef = 6802ABC527BBCEE500BC6243 /* SearchTableViewCell.swift */; };
		68297D7F27C269920073F5F6 /* DarkModeTableViewCell.swift in Sources */ = {isa = PBXBuildFile; fileRef = 68297D7E27C269920073F5F6 /* DarkModeTableViewCell.swift */; };
		686D808927BCEEA0005975F7 /* SettingsVC.swift in Sources */ = {isa = PBXBuildFile; fileRef = 686D808827BCEEA0005975F7 /* SettingsVC.swift */; };
		68970D8C27C6273C0044477E /* LyricsModel.swift in Sources */ = {isa = PBXBuildFile; fileRef = 68970D8B27C6273C0044477E /* LyricsModel.swift */; };
		68970D9127C653A80044477E /* SwiftSoup in Frameworks */ = {isa = PBXBuildFile; productRef = 68970D9027C653A80044477E /* SwiftSoup */; };
		6899BF1F28ABCDC30040FB8A /* UIAlertController.swift in Sources */ = {isa = PBXBuildFile; fileRef = 6899BF1E28ABCDC30040FB8A /* UIAlertController.swift */; };
		68CCCF4A27B79FD1005E073E /* AppDelegate.swift in Sources */ = {isa = PBXBuildFile; fileRef = 68CCCF4927B79FD1005E073E /* AppDelegate.swift */; };
		68CCCF4C27B79FD1005E073E /* SceneDelegate.swift in Sources */ = {isa = PBXBuildFile; fileRef = 68CCCF4B27B79FD1005E073E /* SceneDelegate.swift */; };
		68CCCF4E27B79FD1005E073E /* ViewController.swift in Sources */ = {isa = PBXBuildFile; fileRef = 68CCCF4D27B79FD1005E073E /* ViewController.swift */; };
		68CCCF5127B79FD1005E073E /* Main.storyboard in Resources */ = {isa = PBXBuildFile; fileRef = 68CCCF4F27B79FD1005E073E /* Main.storyboard */; };
		68CCCF5327B79FD2005E073E /* Assets.xcassets in Resources */ = {isa = PBXBuildFile; fileRef = 68CCCF5227B79FD2005E073E /* Assets.xcassets */; };
		68CCCF5627B79FD2005E073E /* LaunchScreen.storyboard in Resources */ = {isa = PBXBuildFile; fileRef = 68CCCF5427B79FD2005E073E /* LaunchScreen.storyboard */; };
		68CCCF6127B79FD2005E073E /* GasaOKTests.swift in Sources */ = {isa = PBXBuildFile; fileRef = 68CCCF6027B79FD2005E073E /* GasaOKTests.swift */; };
		68CCCF6B27B79FD2005E073E /* GasaOKUITests.swift in Sources */ = {isa = PBXBuildFile; fileRef = 68CCCF6A27B79FD2005E073E /* GasaOKUITests.swift */; };
		68CCCF6D27B79FD2005E073E /* GasaOKUITestsLaunchTests.swift in Sources */ = {isa = PBXBuildFile; fileRef = 68CCCF6C27B79FD2005E073E /* GasaOKUITestsLaunchTests.swift */; };
		6F4BC00427C164D10076E04C /* MySongTableViewCell.swift in Sources */ = {isa = PBXBuildFile; fileRef = 6F4BC00327C164D10076E04C /* MySongTableViewCell.swift */; };
		6F9E4E4527C938B500A1BC20 /* SongModel.xcdatamodeld in Sources */ = {isa = PBXBuildFile; fileRef = 6F9E4E4327C938B500A1BC20 /* SongModel.xcdatamodeld */; };
/* End PBXBuildFile section */

/* Begin PBXContainerItemProxy section */
		68CCCF5D27B79FD2005E073E /* PBXContainerItemProxy */ = {
			isa = PBXContainerItemProxy;
			containerPortal = 68CCCF3E27B79FD1005E073E /* Project object */;
			proxyType = 1;
			remoteGlobalIDString = 68CCCF4527B79FD1005E073E;
			remoteInfo = GasaOK;
		};
		68CCCF6727B79FD2005E073E /* PBXContainerItemProxy */ = {
			isa = PBXContainerItemProxy;
			containerPortal = 68CCCF3E27B79FD1005E073E /* Project object */;
			proxyType = 1;
			remoteGlobalIDString = 68CCCF4527B79FD1005E073E;
			remoteInfo = GasaOK;
		};
/* End PBXContainerItemProxy section */

/* Begin PBXFileReference section */
		6802ABBE27BB85BD00BC6243 /* SearchVC.swift */ = {isa = PBXFileReference; lastKnownFileType = sourcecode.swift; path = SearchVC.swift; sourceTree = "<group>"; };
		6802ABC327BBC2C200BC6243 /* SongInfo.swift */ = {isa = PBXFileReference; lastKnownFileType = sourcecode.swift; path = SongInfo.swift; sourceTree = "<group>"; };
		6802ABC527BBCEE500BC6243 /* SearchTableViewCell.swift */ = {isa = PBXFileReference; lastKnownFileType = sourcecode.swift; path = SearchTableViewCell.swift; sourceTree = "<group>"; };
		68297D7E27C269920073F5F6 /* DarkModeTableViewCell.swift */ = {isa = PBXFileReference; lastKnownFileType = sourcecode.swift; path = DarkModeTableViewCell.swift; sourceTree = "<group>"; };
		686D808827BCEEA0005975F7 /* SettingsVC.swift */ = {isa = PBXFileReference; lastKnownFileType = sourcecode.swift; path = SettingsVC.swift; sourceTree = "<group>"; };
		68970D8B27C6273C0044477E /* LyricsModel.swift */ = {isa = PBXFileReference; lastKnownFileType = sourcecode.swift; path = LyricsModel.swift; sourceTree = "<group>"; };
		6899BF1E28ABCDC30040FB8A /* UIAlertController.swift */ = {isa = PBXFileReference; lastKnownFileType = sourcecode.swift; path = UIAlertController.swift; sourceTree = "<group>"; };
		68CCCF4627B79FD1005E073E /* GasaOK.app */ = {isa = PBXFileReference; explicitFileType = wrapper.application; includeInIndex = 0; path = GasaOK.app; sourceTree = BUILT_PRODUCTS_DIR; };
		68CCCF4927B79FD1005E073E /* AppDelegate.swift */ = {isa = PBXFileReference; lastKnownFileType = sourcecode.swift; path = AppDelegate.swift; sourceTree = "<group>"; };
		68CCCF4B27B79FD1005E073E /* SceneDelegate.swift */ = {isa = PBXFileReference; lastKnownFileType = sourcecode.swift; path = SceneDelegate.swift; sourceTree = "<group>"; };
		68CCCF4D27B79FD1005E073E /* ViewController.swift */ = {isa = PBXFileReference; lastKnownFileType = sourcecode.swift; path = ViewController.swift; sourceTree = "<group>"; };
		68CCCF5027B79FD1005E073E /* Base */ = {isa = PBXFileReference; lastKnownFileType = file.storyboard; name = Base; path = Base.lproj/Main.storyboard; sourceTree = "<group>"; };
		68CCCF5227B79FD2005E073E /* Assets.xcassets */ = {isa = PBXFileReference; lastKnownFileType = folder.assetcatalog; path = Assets.xcassets; sourceTree = "<group>"; };
		68CCCF5527B79FD2005E073E /* Base */ = {isa = PBXFileReference; lastKnownFileType = file.storyboard; name = Base; path = Base.lproj/LaunchScreen.storyboard; sourceTree = "<group>"; };
		68CCCF5727B79FD2005E073E /* Info.plist */ = {isa = PBXFileReference; lastKnownFileType = text.plist.xml; path = Info.plist; sourceTree = "<group>"; };
		68CCCF5C27B79FD2005E073E /* GasaOKTests.xctest */ = {isa = PBXFileReference; explicitFileType = wrapper.cfbundle; includeInIndex = 0; path = GasaOKTests.xctest; sourceTree = BUILT_PRODUCTS_DIR; };
		68CCCF6027B79FD2005E073E /* GasaOKTests.swift */ = {isa = PBXFileReference; lastKnownFileType = sourcecode.swift; path = GasaOKTests.swift; sourceTree = "<group>"; };
		68CCCF6627B79FD2005E073E /* GasaOKUITests.xctest */ = {isa = PBXFileReference; explicitFileType = wrapper.cfbundle; includeInIndex = 0; path = GasaOKUITests.xctest; sourceTree = BUILT_PRODUCTS_DIR; };
		68CCCF6A27B79FD2005E073E /* GasaOKUITests.swift */ = {isa = PBXFileReference; lastKnownFileType = sourcecode.swift; path = GasaOKUITests.swift; sourceTree = "<group>"; };
		68CCCF6C27B79FD2005E073E /* GasaOKUITestsLaunchTests.swift */ = {isa = PBXFileReference; lastKnownFileType = sourcecode.swift; path = GasaOKUITestsLaunchTests.swift; sourceTree = "<group>"; };
		6F4BC00327C164D10076E04C /* MySongTableViewCell.swift */ = {isa = PBXFileReference; lastKnownFileType = sourcecode.swift; path = MySongTableViewCell.swift; sourceTree = "<group>"; };
		6F9E4E4427C938B500A1BC20 /* SongModel.xcdatamodel */ = {isa = PBXFileReference; lastKnownFileType = wrapper.xcdatamodel; path = SongModel.xcdatamodel; sourceTree = "<group>"; };
/* End PBXFileReference section */

/* Begin PBXFrameworksBuildPhase section */
		68CCCF4327B79FD1005E073E /* Frameworks */ = {
			isa = PBXFrameworksBuildPhase;
			buildActionMask = 2147483647;
			files = (
				68970D9127C653A80044477E /* SwiftSoup in Frameworks */,
			);
			runOnlyForDeploymentPostprocessing = 0;
		};
		68CCCF5927B79FD2005E073E /* Frameworks */ = {
			isa = PBXFrameworksBuildPhase;
			buildActionMask = 2147483647;
			files = (
			);
			runOnlyForDeploymentPostprocessing = 0;
		};
		68CCCF6327B79FD2005E073E /* Frameworks */ = {
			isa = PBXFrameworksBuildPhase;
			buildActionMask = 2147483647;
			files = (
			);
			runOnlyForDeploymentPostprocessing = 0;
		};
/* End PBXFrameworksBuildPhase section */

/* Begin PBXGroup section */
		6802ABC027BBC28400BC6243 /* Model */ = {
			isa = PBXGroup;
			children = (
				6F9E4E4327C938B500A1BC20 /* SongModel.xcdatamodeld */,
				6802ABC327BBC2C200BC6243 /* SongInfo.swift */,
				68970D8B27C6273C0044477E /* LyricsModel.swift */,
			);
			path = Model;
			sourceTree = "<group>";
		};
		684A685B27EC80E500E96249 /* View */ = {
			isa = PBXGroup;
			children = (
				68CCCF4F27B79FD1005E073E /* Main.storyboard */,
				68CCCF5427B79FD2005E073E /* LaunchScreen.storyboard */,
			);
			path = View;
			sourceTree = "<group>";
		};
		686E35B227F21B12001DBEAA /* SongFolder */ = {
			isa = PBXGroup;
			children = (
				68CCCF4D27B79FD1005E073E /* ViewController.swift */,
				6F4BC00327C164D10076E04C /* MySongTableViewCell.swift */,
			);
			path = SongFolder;
			sourceTree = "<group>";
		};
		686E35B327F21B25001DBEAA /* Search */ = {
			isa = PBXGroup;
			children = (
				6802ABBE27BB85BD00BC6243 /* SearchVC.swift */,
				6802ABC527BBCEE500BC6243 /* SearchTableViewCell.swift */,
			);
			path = Search;
			sourceTree = "<group>";
		};
		686E35B427F21B2E001DBEAA /* Settings */ = {
			isa = PBXGroup;
			children = (
				686D808827BCEEA0005975F7 /* SettingsVC.swift */,
				68297D7E27C269920073F5F6 /* DarkModeTableViewCell.swift */,
			);
			path = Settings;
			sourceTree = "<group>";
		};
		6899BF1D28ABCDB60040FB8A /* Extension */ = {
			isa = PBXGroup;
			children = (
				6899BF1E28ABCDC30040FB8A /* UIAlertController.swift */,
			);
			path = Extension;
			sourceTree = "<group>";
		};
		689B67C427BDFC740062D0F8 /* Controller */ = {
			isa = PBXGroup;
			children = (
				686E35B227F21B12001DBEAA /* SongFolder */,
				686E35B327F21B25001DBEAA /* Search */,
				686E35B427F21B2E001DBEAA /* Settings */,
			);
			path = Controller;
			sourceTree = "<group>";
		};
		68CCCF3D27B79FD1005E073E = {
			isa = PBXGroup;
			children = (
				68CCCF4827B79FD1005E073E /* GasaOK */,
				68CCCF5F27B79FD2005E073E /* GasaOKTests */,
				68CCCF6927B79FD2005E073E /* GasaOKUITests */,
				68CCCF4727B79FD1005E073E /* Products */,
			);
			sourceTree = "<group>";
		};
		68CCCF4727B79FD1005E073E /* Products */ = {
			isa = PBXGroup;
			children = (
				68CCCF4627B79FD1005E073E /* GasaOK.app */,
				68CCCF5C27B79FD2005E073E /* GasaOKTests.xctest */,
				68CCCF6627B79FD2005E073E /* GasaOKUITests.xctest */,
			);
			name = Products;
			sourceTree = "<group>";
		};
		68CCCF4827B79FD1005E073E /* GasaOK */ = {
			isa = PBXGroup;
			children = (
				6899BF1D28ABCDB60040FB8A /* Extension */,
				6802ABC027BBC28400BC6243 /* Model */,
				684A685B27EC80E500E96249 /* View */,
				689B67C427BDFC740062D0F8 /* Controller */,
				68CCCF4927B79FD1005E073E /* AppDelegate.swift */,
				68CCCF4B27B79FD1005E073E /* SceneDelegate.swift */,
				68CCCF5227B79FD2005E073E /* Assets.xcassets */,
				68CCCF5727B79FD2005E073E /* Info.plist */,
			);
			path = GasaOK;
			sourceTree = "<group>";
		};
		68CCCF5F27B79FD2005E073E /* GasaOKTests */ = {
			isa = PBXGroup;
			children = (
				68CCCF6027B79FD2005E073E /* GasaOKTests.swift */,
			);
			path = GasaOKTests;
			sourceTree = "<group>";
		};
		68CCCF6927B79FD2005E073E /* GasaOKUITests */ = {
			isa = PBXGroup;
			children = (
				68CCCF6A27B79FD2005E073E /* GasaOKUITests.swift */,
				68CCCF6C27B79FD2005E073E /* GasaOKUITestsLaunchTests.swift */,
			);
			path = GasaOKUITests;
			sourceTree = "<group>";
		};
/* End PBXGroup section */

/* Begin PBXNativeTarget section */
		68CCCF4527B79FD1005E073E /* GasaOK */ = {
			isa = PBXNativeTarget;
			buildConfigurationList = 68CCCF7027B79FD2005E073E /* Build configuration list for PBXNativeTarget "GasaOK" */;
			buildPhases = (
				68CCCF4227B79FD1005E073E /* Sources */,
				68CCCF4327B79FD1005E073E /* Frameworks */,
				68CCCF4427B79FD1005E073E /* Resources */,
			);
			buildRules = (
			);
			dependencies = (
			);
			name = GasaOK;
			packageProductDependencies = (
				68970D9027C653A80044477E /* SwiftSoup */,
			);
			productName = GasaOK;
			productReference = 68CCCF4627B79FD1005E073E /* GasaOK.app */;
			productType = "com.apple.product-type.application";
		};
		68CCCF5B27B79FD2005E073E /* GasaOKTests */ = {
			isa = PBXNativeTarget;
			buildConfigurationList = 68CCCF7327B79FD2005E073E /* Build configuration list for PBXNativeTarget "GasaOKTests" */;
			buildPhases = (
				68CCCF5827B79FD2005E073E /* Sources */,
				68CCCF5927B79FD2005E073E /* Frameworks */,
				68CCCF5A27B79FD2005E073E /* Resources */,
			);
			buildRules = (
			);
			dependencies = (
				68CCCF5E27B79FD2005E073E /* PBXTargetDependency */,
			);
			name = GasaOKTests;
			productName = GasaOKTests;
			productReference = 68CCCF5C27B79FD2005E073E /* GasaOKTests.xctest */;
			productType = "com.apple.product-type.bundle.unit-test";
		};
		68CCCF6527B79FD2005E073E /* GasaOKUITests */ = {
			isa = PBXNativeTarget;
			buildConfigurationList = 68CCCF7627B79FD2005E073E /* Build configuration list for PBXNativeTarget "GasaOKUITests" */;
			buildPhases = (
				68CCCF6227B79FD2005E073E /* Sources */,
				68CCCF6327B79FD2005E073E /* Frameworks */,
				68CCCF6427B79FD2005E073E /* Resources */,
			);
			buildRules = (
			);
			dependencies = (
				68CCCF6827B79FD2005E073E /* PBXTargetDependency */,
			);
			name = GasaOKUITests;
			productName = GasaOKUITests;
			productReference = 68CCCF6627B79FD2005E073E /* GasaOKUITests.xctest */;
			productType = "com.apple.product-type.bundle.ui-testing";
		};
/* End PBXNativeTarget section */

/* Begin PBXProject section */
		68CCCF3E27B79FD1005E073E /* Project object */ = {
			isa = PBXProject;
			attributes = {
				BuildIndependentTargetsInParallel = 1;
				LastSwiftUpdateCheck = 1320;
				LastUpgradeCheck = 1320;
				TargetAttributes = {
					68CCCF4527B79FD1005E073E = {
						CreatedOnToolsVersion = 13.2.1;
					};
					68CCCF5B27B79FD2005E073E = {
						CreatedOnToolsVersion = 13.2.1;
						TestTargetID = 68CCCF4527B79FD1005E073E;
					};
					68CCCF6527B79FD2005E073E = {
						CreatedOnToolsVersion = 13.2.1;
						TestTargetID = 68CCCF4527B79FD1005E073E;
					};
				};
			};
			buildConfigurationList = 68CCCF4127B79FD1005E073E /* Build configuration list for PBXProject "GasaOK" */;
			compatibilityVersion = "Xcode 13.0";
			developmentRegion = en;
			hasScannedForEncodings = 0;
			knownRegions = (
				en,
				Base,
			);
			mainGroup = 68CCCF3D27B79FD1005E073E;
			packageReferences = (
				68970D8F27C653A80044477E /* XCRemoteSwiftPackageReference "SwiftSoup" */,
			);
			productRefGroup = 68CCCF4727B79FD1005E073E /* Products */;
			projectDirPath = "";
			projectRoot = "";
			targets = (
				68CCCF4527B79FD1005E073E /* GasaOK */,
				68CCCF5B27B79FD2005E073E /* GasaOKTests */,
				68CCCF6527B79FD2005E073E /* GasaOKUITests */,
			);
		};
/* End PBXProject section */

/* Begin PBXResourcesBuildPhase section */
		68CCCF4427B79FD1005E073E /* Resources */ = {
			isa = PBXResourcesBuildPhase;
			buildActionMask = 2147483647;
			files = (
				68CCCF5627B79FD2005E073E /* LaunchScreen.storyboard in Resources */,
				68CCCF5327B79FD2005E073E /* Assets.xcassets in Resources */,
				68CCCF5127B79FD1005E073E /* Main.storyboard in Resources */,
			);
			runOnlyForDeploymentPostprocessing = 0;
		};
		68CCCF5A27B79FD2005E073E /* Resources */ = {
			isa = PBXResourcesBuildPhase;
			buildActionMask = 2147483647;
			files = (
			);
			runOnlyForDeploymentPostprocessing = 0;
		};
		68CCCF6427B79FD2005E073E /* Resources */ = {
			isa = PBXResourcesBuildPhase;
			buildActionMask = 2147483647;
			files = (
			);
			runOnlyForDeploymentPostprocessing = 0;
		};
/* End PBXResourcesBuildPhase section */

/* Begin PBXSourcesBuildPhase section */
		68CCCF4227B79FD1005E073E /* Sources */ = {
			isa = PBXSourcesBuildPhase;
			buildActionMask = 2147483647;
			files = (
				68297D7F27C269920073F5F6 /* DarkModeTableViewCell.swift in Sources */,
				686D808927BCEEA0005975F7 /* SettingsVC.swift in Sources */,
				6802ABC427BBC2C200BC6243 /* SongInfo.swift in Sources */,
				68970D8C27C6273C0044477E /* LyricsModel.swift in Sources */,
				6899BF1F28ABCDC30040FB8A /* UIAlertController.swift in Sources */,
				6802ABBF27BB85BD00BC6243 /* SearchVC.swift in Sources */,
				68CCCF4E27B79FD1005E073E /* ViewController.swift in Sources */,
				68CCCF4A27B79FD1005E073E /* AppDelegate.swift in Sources */,
				68CCCF4C27B79FD1005E073E /* SceneDelegate.swift in Sources */,
				6F9E4E4527C938B500A1BC20 /* SongModel.xcdatamodeld in Sources */,
				6F4BC00427C164D10076E04C /* MySongTableViewCell.swift in Sources */,
				6802ABC627BBCEE500BC6243 /* SearchTableViewCell.swift in Sources */,
			);
			runOnlyForDeploymentPostprocessing = 0;
		};
		68CCCF5827B79FD2005E073E /* Sources */ = {
			isa = PBXSourcesBuildPhase;
			buildActionMask = 2147483647;
			files = (
				68CCCF6127B79FD2005E073E /* GasaOKTests.swift in Sources */,
			);
			runOnlyForDeploymentPostprocessing = 0;
		};
		68CCCF6227B79FD2005E073E /* Sources */ = {
			isa = PBXSourcesBuildPhase;
			buildActionMask = 2147483647;
			files = (
				68CCCF6D27B79FD2005E073E /* GasaOKUITestsLaunchTests.swift in Sources */,
				68CCCF6B27B79FD2005E073E /* GasaOKUITests.swift in Sources */,
			);
			runOnlyForDeploymentPostprocessing = 0;
		};
/* End PBXSourcesBuildPhase section */

/* Begin PBXTargetDependency section */
		68CCCF5E27B79FD2005E073E /* PBXTargetDependency */ = {
			isa = PBXTargetDependency;
			target = 68CCCF4527B79FD1005E073E /* GasaOK */;
			targetProxy = 68CCCF5D27B79FD2005E073E /* PBXContainerItemProxy */;
		};
		68CCCF6827B79FD2005E073E /* PBXTargetDependency */ = {
			isa = PBXTargetDependency;
			target = 68CCCF4527B79FD1005E073E /* GasaOK */;
			targetProxy = 68CCCF6727B79FD2005E073E /* PBXContainerItemProxy */;
		};
/* End PBXTargetDependency section */

/* Begin PBXVariantGroup section */
		68CCCF4F27B79FD1005E073E /* Main.storyboard */ = {
			isa = PBXVariantGroup;
			children = (
				68CCCF5027B79FD1005E073E /* Base */,
			);
			name = Main.storyboard;
			sourceTree = "<group>";
		};
		68CCCF5427B79FD2005E073E /* LaunchScreen.storyboard */ = {
			isa = PBXVariantGroup;
			children = (
				68CCCF5527B79FD2005E073E /* Base */,
			);
			name = LaunchScreen.storyboard;
			sourceTree = "<group>";
		};
/* End PBXVariantGroup section */

/* Begin XCBuildConfiguration section */
		68CCCF6E27B79FD2005E073E /* Debug */ = {
			isa = XCBuildConfiguration;
			buildSettings = {
				ALWAYS_SEARCH_USER_PATHS = NO;
				CLANG_ANALYZER_NONNULL = YES;
				CLANG_ANALYZER_NUMBER_OBJECT_CONVERSION = YES_AGGRESSIVE;
				CLANG_CXX_LANGUAGE_STANDARD = "gnu++17";
				CLANG_CXX_LIBRARY = "libc++";
				CLANG_ENABLE_MODULES = YES;
				CLANG_ENABLE_OBJC_ARC = YES;
				CLANG_ENABLE_OBJC_WEAK = YES;
				CLANG_WARN_BLOCK_CAPTURE_AUTORELEASING = YES;
				CLANG_WARN_BOOL_CONVERSION = YES;
				CLANG_WARN_COMMA = YES;
				CLANG_WARN_CONSTANT_CONVERSION = YES;
				CLANG_WARN_DEPRECATED_OBJC_IMPLEMENTATIONS = YES;
				CLANG_WARN_DIRECT_OBJC_ISA_USAGE = YES_ERROR;
				CLANG_WARN_DOCUMENTATION_COMMENTS = YES;
				CLANG_WARN_EMPTY_BODY = YES;
				CLANG_WARN_ENUM_CONVERSION = YES;
				CLANG_WARN_INFINITE_RECURSION = YES;
				CLANG_WARN_INT_CONVERSION = YES;
				CLANG_WARN_NON_LITERAL_NULL_CONVERSION = YES;
				CLANG_WARN_OBJC_IMPLICIT_RETAIN_SELF = YES;
				CLANG_WARN_OBJC_LITERAL_CONVERSION = YES;
				CLANG_WARN_OBJC_ROOT_CLASS = YES_ERROR;
				CLANG_WARN_QUOTED_INCLUDE_IN_FRAMEWORK_HEADER = YES;
				CLANG_WARN_RANGE_LOOP_ANALYSIS = YES;
				CLANG_WARN_STRICT_PROTOTYPES = YES;
				CLANG_WARN_SUSPICIOUS_MOVE = YES;
				CLANG_WARN_UNGUARDED_AVAILABILITY = YES_AGGRESSIVE;
				CLANG_WARN_UNREACHABLE_CODE = YES;
				CLANG_WARN__DUPLICATE_METHOD_MATCH = YES;
				COPY_PHASE_STRIP = NO;
				DEBUG_INFORMATION_FORMAT = dwarf;
				ENABLE_STRICT_OBJC_MSGSEND = YES;
				ENABLE_TESTABILITY = YES;
				GCC_C_LANGUAGE_STANDARD = gnu11;
				GCC_DYNAMIC_NO_PIC = NO;
				GCC_NO_COMMON_BLOCKS = YES;
				GCC_OPTIMIZATION_LEVEL = 0;
				GCC_PREPROCESSOR_DEFINITIONS = (
					"DEBUG=1",
					"$(inherited)",
				);
				GCC_WARN_64_TO_32_BIT_CONVERSION = YES;
				GCC_WARN_ABOUT_RETURN_TYPE = YES_ERROR;
				GCC_WARN_UNDECLARED_SELECTOR = YES;
				GCC_WARN_UNINITIALIZED_AUTOS = YES_AGGRESSIVE;
				GCC_WARN_UNUSED_FUNCTION = YES;
				GCC_WARN_UNUSED_VARIABLE = YES;
				IPHONEOS_DEPLOYMENT_TARGET = 15.2;
				MTL_ENABLE_DEBUG_INFO = INCLUDE_SOURCE;
				MTL_FAST_MATH = YES;
				ONLY_ACTIVE_ARCH = YES;
				SDKROOT = iphoneos;
				SWIFT_ACTIVE_COMPILATION_CONDITIONS = DEBUG;
				SWIFT_OPTIMIZATION_LEVEL = "-Onone";
			};
			name = Debug;
		};
		68CCCF6F27B79FD2005E073E /* Release */ = {
			isa = XCBuildConfiguration;
			buildSettings = {
				ALWAYS_SEARCH_USER_PATHS = NO;
				CLANG_ANALYZER_NONNULL = YES;
				CLANG_ANALYZER_NUMBER_OBJECT_CONVERSION = YES_AGGRESSIVE;
				CLANG_CXX_LANGUAGE_STANDARD = "gnu++17";
				CLANG_CXX_LIBRARY = "libc++";
				CLANG_ENABLE_MODULES = YES;
				CLANG_ENABLE_OBJC_ARC = YES;
				CLANG_ENABLE_OBJC_WEAK = YES;
				CLANG_WARN_BLOCK_CAPTURE_AUTORELEASING = YES;
				CLANG_WARN_BOOL_CONVERSION = YES;
				CLANG_WARN_COMMA = YES;
				CLANG_WARN_CONSTANT_CONVERSION = YES;
				CLANG_WARN_DEPRECATED_OBJC_IMPLEMENTATIONS = YES;
				CLANG_WARN_DIRECT_OBJC_ISA_USAGE = YES_ERROR;
				CLANG_WARN_DOCUMENTATION_COMMENTS = YES;
				CLANG_WARN_EMPTY_BODY = YES;
				CLANG_WARN_ENUM_CONVERSION = YES;
				CLANG_WARN_INFINITE_RECURSION = YES;
				CLANG_WARN_INT_CONVERSION = YES;
				CLANG_WARN_NON_LITERAL_NULL_CONVERSION = YES;
				CLANG_WARN_OBJC_IMPLICIT_RETAIN_SELF = YES;
				CLANG_WARN_OBJC_LITERAL_CONVERSION = YES;
				CLANG_WARN_OBJC_ROOT_CLASS = YES_ERROR;
				CLANG_WARN_QUOTED_INCLUDE_IN_FRAMEWORK_HEADER = YES;
				CLANG_WARN_RANGE_LOOP_ANALYSIS = YES;
				CLANG_WARN_STRICT_PROTOTYPES = YES;
				CLANG_WARN_SUSPICIOUS_MOVE = YES;
				CLANG_WARN_UNGUARDED_AVAILABILITY = YES_AGGRESSIVE;
				CLANG_WARN_UNREACHABLE_CODE = YES;
				CLANG_WARN__DUPLICATE_METHOD_MATCH = YES;
				COPY_PHASE_STRIP = NO;
				DEBUG_INFORMATION_FORMAT = "dwarf-with-dsym";
				ENABLE_NS_ASSERTIONS = NO;
				ENABLE_STRICT_OBJC_MSGSEND = YES;
				GCC_C_LANGUAGE_STANDARD = gnu11;
				GCC_NO_COMMON_BLOCKS = YES;
				GCC_WARN_64_TO_32_BIT_CONVERSION = YES;
				GCC_WARN_ABOUT_RETURN_TYPE = YES_ERROR;
				GCC_WARN_UNDECLARED_SELECTOR = YES;
				GCC_WARN_UNINITIALIZED_AUTOS = YES_AGGRESSIVE;
				GCC_WARN_UNUSED_FUNCTION = YES;
				GCC_WARN_UNUSED_VARIABLE = YES;
				IPHONEOS_DEPLOYMENT_TARGET = 15.2;
				MTL_ENABLE_DEBUG_INFO = NO;
				MTL_FAST_MATH = YES;
				SDKROOT = iphoneos;
				SWIFT_COMPILATION_MODE = wholemodule;
				SWIFT_OPTIMIZATION_LEVEL = "-O";
				VALIDATE_PRODUCT = YES;
			};
			name = Release;
		};
		68CCCF7127B79FD2005E073E /* Debug */ = {
			isa = XCBuildConfiguration;
			buildSettings = {
				ASSETCATALOG_COMPILER_APPICON_NAME = AppIcon;
				ASSETCATALOG_COMPILER_GLOBAL_ACCENT_COLOR_NAME = AccentColor;
				CODE_SIGN_STYLE = Automatic;
				CURRENT_PROJECT_VERSION = 1;
				DEVELOPMENT_TEAM = 4QG3GC35LA;
				GENERATE_INFOPLIST_FILE = YES;
				INFOPLIST_FILE = GasaOK/Info.plist;
				INFOPLIST_KEY_UIApplicationSupportsIndirectInputEvents = YES;
				INFOPLIST_KEY_UILaunchStoryboardName = LaunchScreen;
				INFOPLIST_KEY_UIMainStoryboardFile = Main;
				INFOPLIST_KEY_UISupportedInterfaceOrientations_iPad = "UIInterfaceOrientationPortrait UIInterfaceOrientationPortraitUpsideDown UIInterfaceOrientationLandscapeLeft UIInterfaceOrientationLandscapeRight";
				INFOPLIST_KEY_UISupportedInterfaceOrientations_iPhone = "UIInterfaceOrientationPortrait UIInterfaceOrientationLandscapeLeft UIInterfaceOrientationLandscapeRight";
				IPHONEOS_DEPLOYMENT_TARGET = 15.2;
				LD_RUNPATH_SEARCH_PATHS = (
					"$(inherited)",
					"@executable_path/Frameworks",
				);
				MARKETING_VERSION = 1.0;
				PRODUCT_BUNDLE_IDENTIFIER = com.codershigh.GasaOK;
				PRODUCT_NAME = "$(TARGET_NAME)";
				SWIFT_EMIT_LOC_STRINGS = YES;
				SWIFT_VERSION = 5.0;
				TARGETED_DEVICE_FAMILY = 1;
			};
			name = Debug;
		};
		68CCCF7227B79FD2005E073E /* Release */ = {
			isa = XCBuildConfiguration;
			buildSettings = {
				ASSETCATALOG_COMPILER_APPICON_NAME = AppIcon;
				ASSETCATALOG_COMPILER_GLOBAL_ACCENT_COLOR_NAME = AccentColor;
				CODE_SIGN_STYLE = Automatic;
				CURRENT_PROJECT_VERSION = 1;
				DEVELOPMENT_TEAM = 4QG3GC35LA;
				GENERATE_INFOPLIST_FILE = YES;
				INFOPLIST_FILE = GasaOK/Info.plist;
				INFOPLIST_KEY_UIApplicationSupportsIndirectInputEvents = YES;
				INFOPLIST_KEY_UILaunchStoryboardName = LaunchScreen;
				INFOPLIST_KEY_UIMainStoryboardFile = Main;
				INFOPLIST_KEY_UISupportedInterfaceOrientations_iPad = "UIInterfaceOrientationPortrait UIInterfaceOrientationPortraitUpsideDown UIInterfaceOrientationLandscapeLeft UIInterfaceOrientationLandscapeRight";
				INFOPLIST_KEY_UISupportedInterfaceOrientations_iPhone = "UIInterfaceOrientationPortrait UIInterfaceOrientationLandscapeLeft UIInterfaceOrientationLandscapeRight";
				IPHONEOS_DEPLOYMENT_TARGET = 15.2;
				LD_RUNPATH_SEARCH_PATHS = (
					"$(inherited)",
					"@executable_path/Frameworks",
				);
				MARKETING_VERSION = 1.0;
				PRODUCT_BUNDLE_IDENTIFIER = com.codershigh.GasaOK;
				PRODUCT_NAME = "$(TARGET_NAME)";
				SWIFT_EMIT_LOC_STRINGS = YES;
				SWIFT_VERSION = 5.0;
				TARGETED_DEVICE_FAMILY = 1;
			};
			name = Release;
		};
		68CCCF7427B79FD2005E073E /* Debug */ = {
			isa = XCBuildConfiguration;
			buildSettings = {
				ALWAYS_EMBED_SWIFT_STANDARD_LIBRARIES = YES;
				BUNDLE_LOADER = "$(TEST_HOST)";
				CODE_SIGN_STYLE = Automatic;
				CURRENT_PROJECT_VERSION = 1;
				DEVELOPMENT_TEAM = 9T9YFXL798;
				GENERATE_INFOPLIST_FILE = YES;
				IPHONEOS_DEPLOYMENT_TARGET = 15.2;
				MARKETING_VERSION = 1.0;
				PRODUCT_BUNDLE_IDENTIFIER = Dahae.GasaOKTests;
				PRODUCT_NAME = "$(TARGET_NAME)";
				SWIFT_EMIT_LOC_STRINGS = NO;
				SWIFT_VERSION = 5.0;
				TARGETED_DEVICE_FAMILY = "1,2";
				TEST_HOST = "$(BUILT_PRODUCTS_DIR)/GasaOK.app/GasaOK";
			};
			name = Debug;
		};
		68CCCF7527B79FD2005E073E /* Release */ = {
			isa = XCBuildConfiguration;
			buildSettings = {
				ALWAYS_EMBED_SWIFT_STANDARD_LIBRARIES = YES;
				BUNDLE_LOADER = "$(TEST_HOST)";
				CODE_SIGN_STYLE = Automatic;
				CURRENT_PROJECT_VERSION = 1;
				DEVELOPMENT_TEAM = 9T9YFXL798;
				GENERATE_INFOPLIST_FILE = YES;
				IPHONEOS_DEPLOYMENT_TARGET = 15.2;
				MARKETING_VERSION = 1.0;
				PRODUCT_BUNDLE_IDENTIFIER = Dahae.GasaOKTests;
				PRODUCT_NAME = "$(TARGET_NAME)";
				SWIFT_EMIT_LOC_STRINGS = NO;
				SWIFT_VERSION = 5.0;
				TARGETED_DEVICE_FAMILY = "1,2";
				TEST_HOST = "$(BUILT_PRODUCTS_DIR)/GasaOK.app/GasaOK";
			};
			name = Release;
		};
		68CCCF7727B79FD2005E073E /* Debug */ = {
			isa = XCBuildConfiguration;
			buildSettings = {
				ALWAYS_EMBED_SWIFT_STANDARD_LIBRARIES = YES;
				CODE_SIGN_STYLE = Automatic;
				CURRENT_PROJECT_VERSION = 1;
				DEVELOPMENT_TEAM = 9T9YFXL798;
				GENERATE_INFOPLIST_FILE = YES;
				MARKETING_VERSION = 1.0;
				PRODUCT_BUNDLE_IDENTIFIER = Dahae.GasaOKUITests;
				PRODUCT_NAME = "$(TARGET_NAME)";
				SWIFT_EMIT_LOC_STRINGS = NO;
				SWIFT_VERSION = 5.0;
				TARGETED_DEVICE_FAMILY = "1,2";
				TEST_TARGET_NAME = GasaOK;
			};
			name = Debug;
		};
		68CCCF7827B79FD2005E073E /* Release */ = {
			isa = XCBuildConfiguration;
			buildSettings = {
				ALWAYS_EMBED_SWIFT_STANDARD_LIBRARIES = YES;
				CODE_SIGN_STYLE = Automatic;
				CURRENT_PROJECT_VERSION = 1;
				DEVELOPMENT_TEAM = 9T9YFXL798;
				GENERATE_INFOPLIST_FILE = YES;
				MARKETING_VERSION = 1.0;
				PRODUCT_BUNDLE_IDENTIFIER = Dahae.GasaOKUITests;
				PRODUCT_NAME = "$(TARGET_NAME)";
				SWIFT_EMIT_LOC_STRINGS = NO;
				SWIFT_VERSION = 5.0;
				TARGETED_DEVICE_FAMILY = "1,2";
				TEST_TARGET_NAME = GasaOK;
			};
			name = Release;
		};
/* End XCBuildConfiguration section */

/* Begin XCConfigurationList section */
		68CCCF4127B79FD1005E073E /* Build configuration list for PBXProject "GasaOK" */ = {
			isa = XCConfigurationList;
			buildConfigurations = (
				68CCCF6E27B79FD2005E073E /* Debug */,
				68CCCF6F27B79FD2005E073E /* Release */,
			);
			defaultConfigurationIsVisible = 0;
			defaultConfigurationName = Release;
		};
		68CCCF7027B79FD2005E073E /* Build configuration list for PBXNativeTarget "GasaOK" */ = {
			isa = XCConfigurationList;
			buildConfigurations = (
				68CCCF7127B79FD2005E073E /* Debug */,
				68CCCF7227B79FD2005E073E /* Release */,
			);
			defaultConfigurationIsVisible = 0;
			defaultConfigurationName = Release;
		};
		68CCCF7327B79FD2005E073E /* Build configuration list for PBXNativeTarget "GasaOKTests" */ = {
			isa = XCConfigurationList;
			buildConfigurations = (
				68CCCF7427B79FD2005E073E /* Debug */,
				68CCCF7527B79FD2005E073E /* Release */,
			);
			defaultConfigurationIsVisible = 0;
			defaultConfigurationName = Release;
		};
		68CCCF7627B79FD2005E073E /* Build configuration list for PBXNativeTarget "GasaOKUITests" */ = {
			isa = XCConfigurationList;
			buildConfigurations = (
				68CCCF7727B79FD2005E073E /* Debug */,
				68CCCF7827B79FD2005E073E /* Release */,
			);
			defaultConfigurationIsVisible = 0;
			defaultConfigurationName = Release;
		};
/* End XCConfigurationList section */

/* Begin XCRemoteSwiftPackageReference section */
		68970D8F27C653A80044477E /* XCRemoteSwiftPackageReference "SwiftSoup" */ = {
			isa = XCRemoteSwiftPackageReference;
			repositoryURL = "https://github.com/scinfu/SwiftSoup";
			requirement = {
				kind = upToNextMajorVersion;
				minimumVersion = 2.0.0;
			};
		};
/* End XCRemoteSwiftPackageReference section */

/* Begin XCSwiftPackageProductDependency section */
		68970D9027C653A80044477E /* SwiftSoup */ = {
			isa = XCSwiftPackageProductDependency;
			package = 68970D8F27C653A80044477E /* XCRemoteSwiftPackageReference "SwiftSoup" */;
			productName = SwiftSoup;
		};
/* End XCSwiftPackageProductDependency section */

/* Begin XCVersionGroup section */
		6F9E4E4327C938B500A1BC20 /* SongModel.xcdatamodeld */ = {
			isa = XCVersionGroup;
			children = (
				6F9E4E4427C938B500A1BC20 /* SongModel.xcdatamodel */,
			);
			currentVersion = 6F9E4E4427C938B500A1BC20 /* SongModel.xcdatamodel */;
			path = SongModel.xcdatamodeld;
			sourceTree = "<group>";
			versionGroupType = wrapper.xcdatamodel;
		};
/* End XCVersionGroup section */
	};
	rootObject = 68CCCF3E27B79FD1005E073E /* Project object */;
}
